// !$*UTF8*$!
{
	archiveVersion = 1;
	classes = {
	};
	objectVersion = 56;
	objects = {

/* Begin PBXBuildFile section */
		FB0AB3DC2CB4331C0046A685 /* AppDelegate.swift in Sources */ = {isa = PBXBuildFile; fileRef = FB0AB3DB2CB4331C0046A685 /* AppDelegate.swift */; };
		FB0AB3DE2CB4331C0046A685 /* SceneDelegate.swift in Sources */ = {isa = PBXBuildFile; fileRef = FB0AB3DD2CB4331C0046A685 /* SceneDelegate.swift */; };
		FB0AB3E02CB4331C0046A685 /* ViewController.swift in Sources */ = {isa = PBXBuildFile; fileRef = FB0AB3DF2CB4331C0046A685 /* ViewController.swift */; };
		FB0AB3E32CB4331C0046A685 /* Base in Resources */ = {isa = PBXBuildFile; fileRef = FB0AB3E22CB4331C0046A685 /* Base */; };
		FB0AB3E52CB4331C0046A685 /* Assets.xcassets in Resources */ = {isa = PBXBuildFile; fileRef = FB0AB3E42CB4331C0046A685 /* Assets.xcassets */; };
		FB0AB3E82CB4331C0046A685 /* Base in Resources */ = {isa = PBXBuildFile; fileRef = FB0AB3E72CB4331C0046A685 /* Base */; };
		FB4E1DD02CB981A3002696F7 /* ControladorPantallaDelPost.swift in Sources */ = {isa = PBXBuildFile; fileRef = FB4E1DCF2CB981A3002696F7 /* ControladorPantallaDelPost.swift */; };
		FB4E1DD32CB984FB002696F7 /* EstiloCellViewController.swift in Sources */ = {isa = PBXBuildFile; fileRef = FB4E1DD22CB984FB002696F7 /* EstiloCellViewController.swift */; };
		FB5A10722CB6D8F800BFA4A6 /* posts.swift in Sources */ = {isa = PBXBuildFile; fileRef = FB5A10712CB6D8F800BFA4A6 /* posts.swift */; };
		FBB76FE22CB4377300B8E249 /* ControladorPantallaPrincipalDeColeccion.swift in Sources */ = {isa = PBXBuildFile; fileRef = FBB76FE12CB4377300B8E249 /* ControladorPantallaPrincipalDeColeccion.swift */; };
		FBB76FE42CB43D4800B8E249 /* VistaDeCelda.swift in Sources */ = {isa = PBXBuildFile; fileRef = FBB76FE32CB43D4800B8E249 /* VistaDeCelda.swift */; };
/* End PBXBuildFile section */

/* Begin PBXContainerItemProxy section */
		FB0AB3EF2CB4331C0046A685 /* PBXContainerItemProxy */ = {
			isa = PBXContainerItemProxy;
			containerPortal = FB0AB3D02CB4331B0046A685 /* Project object */;
			proxyType = 1;
			remoteGlobalIDString = FB0AB3D72CB4331C0046A685;
			remoteInfo = Conecta_Base;
		};
		FB0AB3F92CB4331C0046A685 /* PBXContainerItemProxy */ = {
			isa = PBXContainerItemProxy;
			containerPortal = FB0AB3D02CB4331B0046A685 /* Project object */;
			proxyType = 1;
			remoteGlobalIDString = FB0AB3D72CB4331C0046A685;
			remoteInfo = Conecta_Base;
		};
/* End PBXContainerItemProxy section */

/* Begin PBXFileReference section */
		FB0AB3D82CB4331C0046A685 /* Conecta_Base.app */ = {isa = PBXFileReference; explicitFileType = wrapper.application; includeInIndex = 0; path = Conecta_Base.app; sourceTree = BUILT_PRODUCTS_DIR; };
		FB0AB3DB2CB4331C0046A685 /* AppDelegate.swift */ = {isa = PBXFileReference; lastKnownFileType = sourcecode.swift; path = AppDelegate.swift; sourceTree = "<group>"; };
		FB0AB3DD2CB4331C0046A685 /* SceneDelegate.swift */ = {isa = PBXFileReference; lastKnownFileType = sourcecode.swift; path = SceneDelegate.swift; sourceTree = "<group>"; };
		FB0AB3DF2CB4331C0046A685 /* ViewController.swift */ = {isa = PBXFileReference; lastKnownFileType = sourcecode.swift; path = ViewController.swift; sourceTree = "<group>"; };
		FB0AB3E22CB4331C0046A685 /* Base */ = {isa = PBXFileReference; lastKnownFileType = file.storyboard; name = Base; path = Base.lproj/Main.storyboard; sourceTree = "<group>"; };
		FB0AB3E42CB4331C0046A685 /* Assets.xcassets */ = {isa = PBXFileReference; lastKnownFileType = folder.assetcatalog; path = Assets.xcassets; sourceTree = "<group>"; };
		FB0AB3E72CB4331C0046A685 /* Base */ = {isa = PBXFileReference; lastKnownFileType = file.storyboard; name = Base; path = Base.lproj/LaunchScreen.storyboard; sourceTree = "<group>"; };
		FB0AB3E92CB4331C0046A685 /* Info.plist */ = {isa = PBXFileReference; lastKnownFileType = text.plist.xml; path = Info.plist; sourceTree = "<group>"; };
		FB0AB3EE2CB4331C0046A685 /* Conecta_BaseTests.xctest */ = {isa = PBXFileReference; explicitFileType = wrapper.cfbundle; includeInIndex = 0; path = Conecta_BaseTests.xctest; sourceTree = BUILT_PRODUCTS_DIR; };
		FB0AB3F82CB4331C0046A685 /* Conecta_BaseUITests.xctest */ = {isa = PBXFileReference; explicitFileType = wrapper.cfbundle; includeInIndex = 0; path = Conecta_BaseUITests.xctest; sourceTree = BUILT_PRODUCTS_DIR; };
		FB4E1DCF2CB981A3002696F7 /* ControladorPantallaDelPost.swift */ = {isa = PBXFileReference; lastKnownFileType = sourcecode.swift; path = ControladorPantallaDelPost.swift; sourceTree = "<group>"; };
		FB4E1DD22CB984FB002696F7 /* EstiloCellViewController.swift */ = {isa = PBXFileReference; lastKnownFileType = sourcecode.swift; path = EstiloCellViewController.swift; sourceTree = "<group>"; };
		FB5A10712CB6D8F800BFA4A6 /* posts.swift */ = {isa = PBXFileReference; lastKnownFileType = sourcecode.swift; path = posts.swift; sourceTree = "<group>"; };
		FBB76FE12CB4377300B8E249 /* ControladorPantallaPrincipalDeColeccion.swift */ = {isa = PBXFileReference; lastKnownFileType = sourcecode.swift; path = ControladorPantallaPrincipalDeColeccion.swift; sourceTree = "<group>"; };
		FBB76FE32CB43D4800B8E249 /* VistaDeCelda.swift */ = {isa = PBXFileReference; lastKnownFileType = sourcecode.swift; path = VistaDeCelda.swift; sourceTree = "<group>"; };
/* End PBXFileReference section */

/* Begin PBXFrameworksBuildPhase section */
		FB0AB3D52CB4331C0046A685 /* Frameworks */ = {
			isa = PBXFrameworksBuildPhase;
			buildActionMask = 2147483647;
			files = (
			);
			runOnlyForDeploymentPostprocessing = 0;
		};
		FB0AB3EB2CB4331C0046A685 /* Frameworks */ = {
			isa = PBXFrameworksBuildPhase;
			buildActionMask = 2147483647;
			files = (
			);
			runOnlyForDeploymentPostprocessing = 0;
		};
		FB0AB3F52CB4331C0046A685 /* Frameworks */ = {
			isa = PBXFrameworksBuildPhase;
			buildActionMask = 2147483647;
			files = (
			);
			runOnlyForDeploymentPostprocessing = 0;
		};
/* End PBXFrameworksBuildPhase section */

/* Begin PBXGroup section */
		FB0AB3CF2CB4331B0046A685 = {
			isa = PBXGroup;
			children = (
				FB0AB3DA2CB4331C0046A685 /* Conecta_Base */,
				FB0AB3D92CB4331C0046A685 /* Products */,
			);
			sourceTree = "<group>";
		};
		FB0AB3D92CB4331C0046A685 /* Products */ = {
			isa = PBXGroup;
			children = (
				FB0AB3D82CB4331C0046A685 /* Conecta_Base.app */,
				FB0AB3EE2CB4331C0046A685 /* Conecta_BaseTests.xctest */,
				FB0AB3F82CB4331C0046A685 /* Conecta_BaseUITests.xctest */,
			);
			name = Products;
			sourceTree = "<group>";
		};
		FB0AB3DA2CB4331C0046A685 /* Conecta_Base */ = {
			isa = PBXGroup;
			children = (
				FBB76FDF2CB4369100B8E249 /* controladores_de_pantallas */,
				FB0AB3DB2CB4331C0046A685 /* AppDelegate.swift */,
				FB0AB3DD2CB4331C0046A685 /* SceneDelegate.swift */,
				FB0AB3DF2CB4331C0046A685 /* ViewController.swift */,
				FB0AB3E12CB4331C0046A685 /* Main.storyboard */,
				FB0AB3E42CB4331C0046A685 /* Assets.xcassets */,
				FB0AB3E62CB4331C0046A685 /* LaunchScreen.storyboard */,
				FB0AB3E92CB4331C0046A685 /* Info.plist */,
			);
			path = Conecta_Base;
			sourceTree = "<group>";
		};
		FB4E1DD12CB984E1002696F7 /* estilos */ = {
			isa = PBXGroup;
			children = (
				FB4E1DD22CB984FB002696F7 /* EstiloCellViewController.swift */,
			);
			path = estilos;
			sourceTree = "<group>";
		};
		FB5A10702CB6D8D900BFA4A6 /* modelos */ = {
			isa = PBXGroup;
			children = (
				FB5A10712CB6D8F800BFA4A6 /* posts.swift */,
			);
			path = modelos;
			sourceTree = "<group>";
		};
		FBB76FDF2CB4369100B8E249 /* controladores_de_pantallas */ = {
			isa = PBXGroup;
			children = (
				FB4E1DD12CB984E1002696F7 /* estilos */,
				FB5A10702CB6D8D900BFA4A6 /* modelos */,
				FBB76FE02CB436A900B8E249 /* Vista_de_Celdas */,
				FB4E1DCF2CB981A3002696F7 /* ControladorPantallaDelPost.swift */,
			);
			path = controladores_de_pantallas;
			sourceTree = "<group>";
		};
		FBB76FE02CB436A900B8E249 /* Vista_de_Celdas */ = {
			isa = PBXGroup;
			children = (
				FBB76FE12CB4377300B8E249 /* ControladorPantallaPrincipalDeColeccion.swift */,
				FBB76FE32CB43D4800B8E249 /* VistaDeCelda.swift */,
			);
			path = Vista_de_Celdas;
			sourceTree = "<group>";
		};
/* End PBXGroup section */

/* Begin PBXNativeTarget section */
		FB0AB3D72CB4331C0046A685 /* Conecta_Base */ = {
			isa = PBXNativeTarget;
			buildConfigurationList = FB0AB4022CB4331C0046A685 /* Build configuration list for PBXNativeTarget "Conecta_Base" */;
			buildPhases = (
				FB0AB3D42CB4331C0046A685 /* Sources */,
				FB0AB3D52CB4331C0046A685 /* Frameworks */,
				FB0AB3D62CB4331C0046A685 /* Resources */,
			);
			buildRules = (
			);
			dependencies = (
			);
			name = Conecta_Base;
			productName = Conecta_Base;
			productReference = FB0AB3D82CB4331C0046A685 /* Conecta_Base.app */;
			productType = "com.apple.product-type.application";
		};
		FB0AB3ED2CB4331C0046A685 /* Conecta_BaseTests */ = {
			isa = PBXNativeTarget;
			buildConfigurationList = FB0AB4052CB4331C0046A685 /* Build configuration list for PBXNativeTarget "Conecta_BaseTests" */;
			buildPhases = (
				FB0AB3EA2CB4331C0046A685 /* Sources */,
				FB0AB3EB2CB4331C0046A685 /* Frameworks */,
				FB0AB3EC2CB4331C0046A685 /* Resources */,
			);
			buildRules = (
			);
			dependencies = (
				FB0AB3F02CB4331C0046A685 /* PBXTargetDependency */,
			);
			name = Conecta_BaseTests;
			productName = Conecta_BaseTests;
			productReference = FB0AB3EE2CB4331C0046A685 /* Conecta_BaseTests.xctest */;
			productType = "com.apple.product-type.bundle.unit-test";
		};
		FB0AB3F72CB4331C0046A685 /* Conecta_BaseUITests */ = {
			isa = PBXNativeTarget;
			buildConfigurationList = FB0AB4082CB4331C0046A685 /* Build configuration list for PBXNativeTarget "Conecta_BaseUITests" */;
			buildPhases = (
				FB0AB3F42CB4331C0046A685 /* Sources */,
				FB0AB3F52CB4331C0046A685 /* Frameworks */,
				FB0AB3F62CB4331C0046A685 /* Resources */,
			);
			buildRules = (
			);
			dependencies = (
				FB0AB3FA2CB4331C0046A685 /* PBXTargetDependency */,
			);
			name = Conecta_BaseUITests;
			productName = Conecta_BaseUITests;
			productReference = FB0AB3F82CB4331C0046A685 /* Conecta_BaseUITests.xctest */;
			productType = "com.apple.product-type.bundle.ui-testing";
		};
/* End PBXNativeTarget section */

/* Begin PBXProject section */
		FB0AB3D02CB4331B0046A685 /* Project object */ = {
			isa = PBXProject;
			attributes = {
				BuildIndependentTargetsInParallel = 1;
				LastSwiftUpdateCheck = 1540;
				LastUpgradeCheck = 1540;
				TargetAttributes = {
					FB0AB3D72CB4331C0046A685 = {
						CreatedOnToolsVersion = 15.4;
					};
					FB0AB3ED2CB4331C0046A685 = {
						CreatedOnToolsVersion = 15.4;
						TestTargetID = FB0AB3D72CB4331C0046A685;
					};
					FB0AB3F72CB4331C0046A685 = {
						CreatedOnToolsVersion = 15.4;
						TestTargetID = FB0AB3D72CB4331C0046A685;
					};
				};
			};
			buildConfigurationList = FB0AB3D32CB4331B0046A685 /* Build configuration list for PBXProject "Conecta_Base" */;
			compatibilityVersion = "Xcode 14.0";
			developmentRegion = en;
			hasScannedForEncodings = 0;
			knownRegions = (
				en,
				Base,
			);
			mainGroup = FB0AB3CF2CB4331B0046A685;
			productRefGroup = FB0AB3D92CB4331C0046A685 /* Products */;
			projectDirPath = "";
			projectRoot = "";
			targets = (
				FB0AB3D72CB4331C0046A685 /* Conecta_Base */,
				FB0AB3ED2CB4331C0046A685 /* Conecta_BaseTests */,
				FB0AB3F72CB4331C0046A685 /* Conecta_BaseUITests */,
			);
		};
/* End PBXProject section */

/* Begin PBXResourcesBuildPhase section */
		FB0AB3D62CB4331C0046A685 /* Resources */ = {
			isa = PBXResourcesBuildPhase;
			buildActionMask = 2147483647;
			files = (
				FB0AB3E52CB4331C0046A685 /* Assets.xcassets in Resources */,
				FB0AB3E82CB4331C0046A685 /* Base in Resources */,
				FB0AB3E32CB4331C0046A685 /* Base in Resources */,
			);
			runOnlyForDeploymentPostprocessing = 0;
		};
		FB0AB3EC2CB4331C0046A685 /* Resources */ = {
			isa = PBXResourcesBuildPhase;
			buildActionMask = 2147483647;
			files = (
			);
			runOnlyForDeploymentPostprocessing = 0;
		};
		FB0AB3F62CB4331C0046A685 /* Resources */ = {
			isa = PBXResourcesBuildPhase;
			buildActionMask = 2147483647;
			files = (
			);
			runOnlyForDeploymentPostprocessing = 0;
		};
/* End PBXResourcesBuildPhase section */

/* Begin PBXSourcesBuildPhase section */
		FB0AB3D42CB4331C0046A685 /* Sources */ = {
			isa = PBXSourcesBuildPhase;
			buildActionMask = 2147483647;
			files = (
				FB4E1DD32CB984FB002696F7 /* EstiloCellViewController.swift in Sources */,
				FB0AB3E02CB4331C0046A685 /* ViewController.swift in Sources */,
				FB0AB3DC2CB4331C0046A685 /* AppDelegate.swift in Sources */,
				FBB76FE22CB4377300B8E249 /* ControladorPantallaPrincipalDeColeccion.swift in Sources */,
				FB0AB3DE2CB4331C0046A685 /* SceneDelegate.swift in Sources */,
				FBB76FE42CB43D4800B8E249 /* VistaDeCelda.swift in Sources */,
				FB4E1DD02CB981A3002696F7 /* ControladorPantallaDelPost.swift in Sources */,
				FB5A10722CB6D8F800BFA4A6 /* posts.swift in Sources */,
			);
			runOnlyForDeploymentPostprocessing = 0;
		};
		FB0AB3EA2CB4331C0046A685 /* Sources */ = {
			isa = PBXSourcesBuildPhase;
			buildActionMask = 2147483647;
			files = (
			);
			runOnlyForDeploymentPostprocessing = 0;
		};
		FB0AB3F42CB4331C0046A685 /* Sources */ = {
			isa = PBXSourcesBuildPhase;
			buildActionMask = 2147483647;
			files = (
			);
			runOnlyForDeploymentPostprocessing = 0;
		};
/* End PBXSourcesBuildPhase section */

/* Begin PBXTargetDependency section */
		FB0AB3F02CB4331C0046A685 /* PBXTargetDependency */ = {
			isa = PBXTargetDependency;
			target = FB0AB3D72CB4331C0046A685 /* Conecta_Base */;
			targetProxy = FB0AB3EF2CB4331C0046A685 /* PBXContainerItemProxy */;
		};
		FB0AB3FA2CB4331C0046A685 /* PBXTargetDependency */ = {
			isa = PBXTargetDependency;
			target = FB0AB3D72CB4331C0046A685 /* Conecta_Base */;
			targetProxy = FB0AB3F92CB4331C0046A685 /* PBXContainerItemProxy */;
		};
/* End PBXTargetDependency section */

/* Begin PBXVariantGroup section */
		FB0AB3E12CB4331C0046A685 /* Main.storyboard */ = {
			isa = PBXVariantGroup;
			children = (
				FB0AB3E22CB4331C0046A685 /* Base */,
			);
			name = Main.storyboard;
			sourceTree = "<group>";
		};
		FB0AB3E62CB4331C0046A685 /* LaunchScreen.storyboard */ = {
			isa = PBXVariantGroup;
			children = (
				FB0AB3E72CB4331C0046A685 /* Base */,
			);
			name = LaunchScreen.storyboard;
			sourceTree = "<group>";
		};
/* End PBXVariantGroup section */

/* Begin XCBuildConfiguration section */
		FB0AB4002CB4331C0046A685 /* Debug */ = {
			isa = XCBuildConfiguration;
			buildSettings = {
				ALWAYS_SEARCH_USER_PATHS = NO;
				ASSETCATALOG_COMPILER_GENERATE_SWIFT_ASSET_SYMBOL_EXTENSIONS = YES;
				CLANG_ANALYZER_NONNULL = YES;
				CLANG_ANALYZER_NUMBER_OBJECT_CONVERSION = YES_AGGRESSIVE;
				CLANG_CXX_LANGUAGE_STANDARD = "gnu++20";
				CLANG_ENABLE_MODULES = YES;
				CLANG_ENABLE_OBJC_ARC = YES;
				CLANG_ENABLE_OBJC_WEAK = YES;
				CLANG_WARN_BLOCK_CAPTURE_AUTORELEASING = YES;
				CLANG_WARN_BOOL_CONVERSION = YES;
				CLANG_WARN_COMMA = YES;
				CLANG_WARN_CONSTANT_CONVERSION = YES;
				CLANG_WARN_DEPRECATED_OBJC_IMPLEMENTATIONS = YES;
				CLANG_WARN_DIRECT_OBJC_ISA_USAGE = YES_ERROR;
				CLANG_WARN_DOCUMENTATION_COMMENTS = YES;
				CLANG_WARN_EMPTY_BODY = YES;
				CLANG_WARN_ENUM_CONVERSION = YES;
				CLANG_WARN_INFINITE_RECURSION = YES;
				CLANG_WARN_INT_CONVERSION = YES;
				CLANG_WARN_NON_LITERAL_NULL_CONVERSION = YES;
				CLANG_WARN_OBJC_IMPLICIT_RETAIN_SELF = YES;
				CLANG_WARN_OBJC_LITERAL_CONVERSION = YES;
				CLANG_WARN_OBJC_ROOT_CLASS = YES_ERROR;
				CLANG_WARN_QUOTED_INCLUDE_IN_FRAMEWORK_HEADER = YES;
				CLANG_WARN_RANGE_LOOP_ANALYSIS = YES;
				CLANG_WARN_STRICT_PROTOTYPES = YES;
				CLANG_WARN_SUSPICIOUS_MOVE = YES;
				CLANG_WARN_UNGUARDED_AVAILABILITY = YES_AGGRESSIVE;
				CLANG_WARN_UNREACHABLE_CODE = YES;
				CLANG_WARN__DUPLICATE_METHOD_MATCH = YES;
				COPY_PHASE_STRIP = NO;
				DEBUG_INFORMATION_FORMAT = dwarf;
				ENABLE_STRICT_OBJC_MSGSEND = YES;
				ENABLE_TESTABILITY = YES;
				ENABLE_USER_SCRIPT_SANDBOXING = YES;
				GCC_C_LANGUAGE_STANDARD = gnu17;
				GCC_DYNAMIC_NO_PIC = NO;
				GCC_NO_COMMON_BLOCKS = YES;
				GCC_OPTIMIZATION_LEVEL = 0;
				GCC_PREPROCESSOR_DEFINITIONS = (
					"DEBUG=1",
					"$(inherited)",
				);
				GCC_WARN_64_TO_32_BIT_CONVERSION = YES;
				GCC_WARN_ABOUT_RETURN_TYPE = YES_ERROR;
				GCC_WARN_UNDECLARED_SELECTOR = YES;
				GCC_WARN_UNINITIALIZED_AUTOS = YES_AGGRESSIVE;
				GCC_WARN_UNUSED_FUNCTION = YES;
				GCC_WARN_UNUSED_VARIABLE = YES;
				IPHONEOS_DEPLOYMENT_TARGET = 17.5;
				LOCALIZATION_PREFERS_STRING_CATALOGS = YES;
				MTL_ENABLE_DEBUG_INFO = INCLUDE_SOURCE;
				MTL_FAST_MATH = YES;
				ONLY_ACTIVE_ARCH = YES;
				SDKROOT = iphoneos;
				SWIFT_ACTIVE_COMPILATION_CONDITIONS = "DEBUG $(inherited)";
				SWIFT_OPTIMIZATION_LEVEL = "-Onone";
			};
			name = Debug;
		};
		FB0AB4012CB4331C0046A685 /* Release */ = {
			isa = XCBuildConfiguration;
			buildSettings = {
				ALWAYS_SEARCH_USER_PATHS = NO;
				ASSETCATALOG_COMPILER_GENERATE_SWIFT_ASSET_SYMBOL_EXTENSIONS = YES;
				CLANG_ANALYZER_NONNULL = YES;
				CLANG_ANALYZER_NUMBER_OBJECT_CONVERSION = YES_AGGRESSIVE;
				CLANG_CXX_LANGUAGE_STANDARD = "gnu++20";
				CLANG_ENABLE_MODULES = YES;
				CLANG_ENABLE_OBJC_ARC = YES;
				CLANG_ENABLE_OBJC_WEAK = YES;
				CLANG_WARN_BLOCK_CAPTURE_AUTORELEASING = YES;
				CLANG_WARN_BOOL_CONVERSION = YES;
				CLANG_WARN_COMMA = YES;
				CLANG_WARN_CONSTANT_CONVERSION = YES;
				CLANG_WARN_DEPRECATED_OBJC_IMPLEMENTATIONS = YES;
				CLANG_WARN_DIRECT_OBJC_ISA_USAGE = YES_ERROR;
				CLANG_WARN_DOCUMENTATION_COMMENTS = YES;
				CLANG_WARN_EMPTY_BODY = YES;
				CLANG_WARN_ENUM_CONVERSION = YES;
				CLANG_WARN_INFINITE_RECURSION = YES;
				CLANG_WARN_INT_CONVERSION = YES;
				CLANG_WARN_NON_LITERAL_NULL_CONVERSION = YES;
				CLANG_WARN_OBJC_IMPLICIT_RETAIN_SELF = YES;
				CLANG_WARN_OBJC_LITERAL_CONVERSION = YES;
				CLANG_WARN_OBJC_ROOT_CLASS = YES_ERROR;
				CLANG_WARN_QUOTED_INCLUDE_IN_FRAMEWORK_HEADER = YES;
				CLANG_WARN_RANGE_LOOP_ANALYSIS = YES;
				CLANG_WARN_STRICT_PROTOTYPES = YES;
				CLANG_WARN_SUSPICIOUS_MOVE = YES;
				CLANG_WARN_UNGUARDED_AVAILABILITY = YES_AGGRESSIVE;
				CLANG_WARN_UNREACHABLE_CODE = YES;
				CLANG_WARN__DUPLICATE_METHOD_MATCH = YES;
				COPY_PHASE_STRIP = NO;
				DEBUG_INFORMATION_FORMAT = "dwarf-with-dsym";
				ENABLE_NS_ASSERTIONS = NO;
				ENABLE_STRICT_OBJC_MSGSEND = YES;
				ENABLE_USER_SCRIPT_SANDBOXING = YES;
				GCC_C_LANGUAGE_STANDARD = gnu17;
				GCC_NO_COMMON_BLOCKS = YES;
				GCC_WARN_64_TO_32_BIT_CONVERSION = YES;
				GCC_WARN_ABOUT_RETURN_TYPE = YES_ERROR;
				GCC_WARN_UNDECLARED_SELECTOR = YES;
				GCC_WARN_UNINITIALIZED_AUTOS = YES_AGGRESSIVE;
				GCC_WARN_UNUSED_FUNCTION = YES;
				GCC_WARN_UNUSED_VARIABLE = YES;
				IPHONEOS_DEPLOYMENT_TARGET = 17.5;
				LOCALIZATION_PREFERS_STRING_CATALOGS = YES;
				MTL_ENABLE_DEBUG_INFO = NO;
				MTL_FAST_MATH = YES;
				SDKROOT = iphoneos;
				SWIFT_COMPILATION_MODE = wholemodule;
				VALIDATE_PRODUCT = YES;
			};
			name = Release;
		};
		FB0AB4032CB4331C0046A685 /* Debug */ = {
			isa = XCBuildConfiguration;
			buildSettings = {
				ASSETCATALOG_COMPILER_APPICON_NAME = AppIcon;
				ASSETCATALOG_COMPILER_GLOBAL_ACCENT_COLOR_NAME = AccentColor;
				CODE_SIGN_STYLE = Automatic;
				CURRENT_PROJECT_VERSION = 1;
				GENERATE_INFOPLIST_FILE = YES;
				INFOPLIST_FILE = Conecta_Base/Info.plist;
				INFOPLIST_KEY_UIApplicationSupportsIndirectInputEvents = YES;
				INFOPLIST_KEY_UILaunchStoryboardName = LaunchScreen;
				INFOPLIST_KEY_UIMainStoryboardFile = Main;
				INFOPLIST_KEY_UISupportedInterfaceOrientations_iPad = "UIInterfaceOrientationPortrait UIInterfaceOrientationPortraitUpsideDown UIInterfaceOrientationLandscapeLeft UIInterfaceOrientationLandscapeRight";
				INFOPLIST_KEY_UISupportedInterfaceOrientations_iPhone = "UIInterfaceOrientationPortrait UIInterfaceOrientationLandscapeLeft UIInterfaceOrientationLandscapeRight";
				LD_RUNPATH_SEARCH_PATHS = (
					"$(inherited)",
					"@executable_path/Frameworks",
				);
				MARKETING_VERSION = 1.0;
				PRODUCT_BUNDLE_IDENTIFIER = "ddmi.Conecta-Base";
				PRODUCT_NAME = "$(TARGET_NAME)";
				SWIFT_EMIT_LOC_STRINGS = YES;
				SWIFT_VERSION = 5.0;
				TARGETED_DEVICE_FAMILY = "1,2";
			};
			name = Debug;
		};
		FB0AB4042CB4331C0046A685 /* Release */ = {
			isa = XCBuildConfiguration;
			buildSettings = {
				ASSETCATALOG_COMPILER_APPICON_NAME = AppIcon;
				ASSETCATALOG_COMPILER_GLOBAL_ACCENT_COLOR_NAME = AccentColor;
				CODE_SIGN_STYLE = Automatic;
				CURRENT_PROJECT_VERSION = 1;
				GENERATE_INFOPLIST_FILE = YES;
				INFOPLIST_FILE = Conecta_Base/Info.plist;
				INFOPLIST_KEY_UIApplicationSupportsIndirectInputEvents = YES;
				INFOPLIST_KEY_UILaunchStoryboardName = LaunchScreen;
				INFOPLIST_KEY_UIMainStoryboardFile = Main;
				INFOPLIST_KEY_UISupportedInterfaceOrientations_iPad = "UIInterfaceOrientationPortrait UIInterfaceOrientationPortraitUpsideDown UIInterfaceOrientationLandscapeLeft UIInterfaceOrientationLandscapeRight";
				INFOPLIST_KEY_UISupportedInterfaceOrientations_iPhone = "UIInterfaceOrientationPortrait UIInterfaceOrientationLandscapeLeft UIInterfaceOrientationLandscapeRight";
				LD_RUNPATH_SEARCH_PATHS = (
					"$(inherited)",
					"@executable_path/Frameworks",
				);
				MARKETING_VERSION = 1.0;
				PRODUCT_BUNDLE_IDENTIFIER = "ddmi.Conecta-Base";
				PRODUCT_NAME = "$(TARGET_NAME)";
				SWIFT_EMIT_LOC_STRINGS = YES;
				SWIFT_VERSION = 5.0;
				TARGETED_DEVICE_FAMILY = "1,2";
			};
			name = Release;
		};
		FB0AB4062CB4331C0046A685 /* Debug */ = {
			isa = XCBuildConfiguration;
			buildSettings = {
				ALWAYS_EMBED_SWIFT_STANDARD_LIBRARIES = YES;
				BUNDLE_LOADER = "$(TEST_HOST)";
				CODE_SIGN_STYLE = Automatic;
				CURRENT_PROJECT_VERSION = 1;
				GENERATE_INFOPLIST_FILE = YES;
				IPHONEOS_DEPLOYMENT_TARGET = 17.5;
				MARKETING_VERSION = 1.0;
				PRODUCT_BUNDLE_IDENTIFIER = "ddmi.Conecta-BaseTests";
				PRODUCT_NAME = "$(TARGET_NAME)";
				SWIFT_EMIT_LOC_STRINGS = NO;
				SWIFT_VERSION = 5.0;
				TARGETED_DEVICE_FAMILY = "1,2";
				TEST_HOST = "$(BUILT_PRODUCTS_DIR)/Conecta_Base.app/$(BUNDLE_EXECUTABLE_FOLDER_PATH)/Conecta_Base";
			};
			name = Debug;
		};
		FB0AB4072CB4331C0046A685 /* Release */ = {
			isa = XCBuildConfiguration;
			buildSettings = {
				ALWAYS_EMBED_SWIFT_STANDARD_LIBRARIES = YES;
				BUNDLE_LOADER = "$(TEST_HOST)";
				CODE_SIGN_STYLE = Automatic;
				CURRENT_PROJECT_VERSION = 1;
				GENERATE_INFOPLIST_FILE = YES;
				IPHONEOS_DEPLOYMENT_TARGET = 17.5;
				MARKETING_VERSION = 1.0;
				PRODUCT_BUNDLE_IDENTIFIER = "ddmi.Conecta-BaseTests";
				PRODUCT_NAME = "$(TARGET_NAME)";
				SWIFT_EMIT_LOC_STRINGS = NO;
				SWIFT_VERSION = 5.0;
				TARGETED_DEVICE_FAMILY = "1,2";
				TEST_HOST = "$(BUILT_PRODUCTS_DIR)/Conecta_Base.app/$(BUNDLE_EXECUTABLE_FOLDER_PATH)/Conecta_Base";
			};
			name = Release;
		};
		FB0AB4092CB4331C0046A685 /* Debug */ = {
			isa = XCBuildConfiguration;
			buildSettings = {
				ALWAYS_EMBED_SWIFT_STANDARD_LIBRARIES = YES;
				CODE_SIGN_STYLE = Automatic;
				CURRENT_PROJECT_VERSION = 1;
				GENERATE_INFOPLIST_FILE = YES;
				MARKETING_VERSION = 1.0;
				PRODUCT_BUNDLE_IDENTIFIER = "ddmi.Conecta-BaseUITests";
				PRODUCT_NAME = "$(TARGET_NAME)";
				SWIFT_EMIT_LOC_STRINGS = NO;
				SWIFT_VERSION = 5.0;
				TARGETED_DEVICE_FAMILY = "1,2";
				TEST_TARGET_NAME = Conecta_Base;
			};
			name = Debug;
		};
		FB0AB40A2CB4331C0046A685 /* Release */ = {
			isa = XCBuildConfiguration;
			buildSettings = {
				ALWAYS_EMBED_SWIFT_STANDARD_LIBRARIES = YES;
				CODE_SIGN_STYLE = Automatic;
				CURRENT_PROJECT_VERSION = 1;
				GENERATE_INFOPLIST_FILE = YES;
				MARKETING_VERSION = 1.0;
				PRODUCT_BUNDLE_IDENTIFIER = "ddmi.Conecta-BaseUITests";
				PRODUCT_NAME = "$(TARGET_NAME)";
				SWIFT_EMIT_LOC_STRINGS = NO;
				SWIFT_VERSION = 5.0;
				TARGETED_DEVICE_FAMILY = "1,2";
				TEST_TARGET_NAME = Conecta_Base;
			};
			name = Release;
		};
/* End XCBuildConfiguration section */

/* Begin XCConfigurationList section */
		FB0AB3D32CB4331B0046A685 /* Build configuration list for PBXProject "Conecta_Base" */ = {
			isa = XCConfigurationList;
			buildConfigurations = (
				FB0AB4002CB4331C0046A685 /* Debug */,
				FB0AB4012CB4331C0046A685 /* Release */,
			);
			defaultConfigurationIsVisible = 0;
			defaultConfigurationName = Release;
		};
		FB0AB4022CB4331C0046A685 /* Build configuration list for PBXNativeTarget "Conecta_Base" */ = {
			isa = XCConfigurationList;
			buildConfigurations = (
				FB0AB4032CB4331C0046A685 /* Debug */,
				FB0AB4042CB4331C0046A685 /* Release */,
			);
			defaultConfigurationIsVisible = 0;
			defaultConfigurationName = Release;
		};
		FB0AB4052CB4331C0046A685 /* Build configuration list for PBXNativeTarget "Conecta_BaseTests" */ = {
			isa = XCConfigurationList;
			buildConfigurations = (
				FB0AB4062CB4331C0046A685 /* Debug */,
				FB0AB4072CB4331C0046A685 /* Release */,
			);
			defaultConfigurationIsVisible = 0;
			defaultConfigurationName = Release;
		};
		FB0AB4082CB4331C0046A685 /* Build configuration list for PBXNativeTarget "Conecta_BaseUITests" */ = {
			isa = XCConfigurationList;
			buildConfigurations = (
				FB0AB4092CB4331C0046A685 /* Debug */,
				FB0AB40A2CB4331C0046A685 /* Release */,
			);
			defaultConfigurationIsVisible = 0;
			defaultConfigurationName = Release;
		};
/* End XCConfigurationList section */
	};
	rootObject = FB0AB3D02CB4331B0046A685 /* Project object */;
}
